# This file is automatically @generated by Cargo.
# It is not intended for manual editing.
version = 3

[[package]]
name = "castaway"
version = "0.2.2"
source = "registry+https://github.com/rust-lang/crates.io-index"
checksum = "8a17ed5635fc8536268e5d4de1e22e81ac34419e5f052d4d51f4e01dcc263fcc"
dependencies = [
 "rustversion",
]

[[package]]
name = "cc"
version = "1.0.73"
source = "registry+https://github.com/rust-lang/crates.io-index"
checksum = "2fff2a6927b3bb87f9595d67196a70493f627687a71d87a0d692242c33f58c11"

[[package]]
name = "cfg-if"
version = "1.0.0"
source = "registry+https://github.com/rust-lang/crates.io-index"
checksum = "baf1de4339761588bc0619e3cbc0120ee582ebb74b53b4efbf79117bd2da40fd"

[[package]]
name = "compact_str"
version = "0.6.1"
source = "registry+https://github.com/rust-lang/crates.io-index"
checksum = "5138945395949e7dfba09646dc9e766b548ff48e23deb5246890e6b64ae9e1b9"
dependencies = [
 "castaway",
 "itoa",
 "ryu",
]

[[package]]
name = "fnv"
version = "1.0.7"
source = "registry+https://github.com/rust-lang/crates.io-index"
checksum = "3f9eec918d3f24069decb9af1554cad7c880e2da24a9afd88aca000531ab82c1"

[[package]]
name = "generational-arena"
version = "0.2.8"
dependencies = [
 "cfg-if",
]

[[package]]
name = "itoa"
version = "1.0.5"
source = "registry+https://github.com/rust-lang/crates.io-index"
checksum = "fad582f4b9e86b6caa621cabeb0963332d92eea04729ab12892c2533951e6440"

[[package]]
name = "libmimalloc-sys"
version = "0.1.26"
source = "registry+https://github.com/rust-lang/crates.io-index"
checksum = "8fc093ab289b0bfda3aa1bdfab9c9542be29c7ef385cfcbe77f8c9813588eb48"
dependencies = [
 "cc",
]

[[package]]
name = "loxide"
version = "0.1.0"
dependencies = [
 "cfg-if",
 "compact_str",
 "fnv",
 "generational-arena",
 "mimalloc",
]

[[package]]
name = "mimalloc"
version = "0.1.30"
source = "registry+https://github.com/rust-lang/crates.io-index"
checksum = "76ce6a4b40d3bff9eb3ce9881ca0737a85072f9f975886082640cd46a75cdb35"
dependencies = [
 "libmimalloc-sys",
]

[[package]]
name = "rustversion"
version = "1.0.11"
source = "registry+https://github.com/rust-lang/crates.io-index"
checksum = "5583e89e108996506031660fe09baa5011b9dd0341b89029313006d1fb508d70"

[[package]]
name = "ryu"
version = "1.0.12"
source = "registry+https://github.com/rust-lang/crates.io-index"
checksum = "7b4b9743ed687d4b4bcedf9ff5eaa7398495ae14e61cba0a295704edbc7decde"
